// !$*UTF8*$!
{
	archiveVersion = 1;
	classes = {
	};
	objectVersion = 46;
	objects = {

/* Begin PBXBuildFile section */
		270C76AD17656FEE004C3210 /* main.c in Sources */ = {isa = PBXBuildFile; fileRef = 270C76AC17656FEE004C3210 /* main.c */; };
		270C76AF17656FEE004C3210 /* TestFunctionPoint.1 in CopyFiles */ = {isa = PBXBuildFile; fileRef = 270C76AE17656FEE004C3210 /* TestFunctionPoint.1 */; };
/* End PBXBuildFile section */

/* Begin PBXCopyFilesBuildPhase section */
		270C76A717656FEE004C3210 /* CopyFiles */ = {
			isa = PBXCopyFilesBuildPhase;
			buildActionMask = 2147483647;
			dstPath = /usr/share/man/man1/;
			dstSubfolderSpec = 0;
			files = (
				270C76AF17656FEE004C3210 /* TestFunctionPoint.1 in CopyFiles */,
			);
			runOnlyForDeploymentPostprocessing = 1;
		};
/* End PBXCopyFilesBuildPhase section */

/* Begin PBXFileReference section */
		270C76A917656FEE004C3210 /* TestFunctionPoint */ = {isa = PBXFileReference; explicitFileType = "compiled.mach-o.executable"; includeInIndex = 0; path = TestFunctionPoint; sourceTree = BUILT_PRODUCTS_DIR; };
		270C76AC17656FEE004C3210 /* main.c */ = {isa = PBXFileReference; lastKnownFileType = sourcecode.c.c; path = main.c; sourceTree = "<group>"; };
		270C76AE17656FEE004C3210 /* TestFunctionPoint.1 */ = {isa = PBXFileReference; lastKnownFileType = text.man; path = TestFunctionPoint.1; sourceTree = "<group>"; };
/* End PBXFileReference section */

/* Begin PBXFrameworksBuildPhase section */
		270C76A617656FEE004C3210 /* Frameworks */ = {
			isa = PBXFrameworksBuildPhase;
			buildActionMask = 2147483647;
			files = (
			);
			runOnlyForDeploymentPostprocessing = 0;
		};
/* End PBXFrameworksBuildPhase section */

/* Begin PBXGroup section */
		270C76A017656FEE004C3210 = {
			isa = PBXGroup;
			children = (
				270C76AB17656FEE004C3210 /* TestFunctionPoint */,
				270C76AA17656FEE004C3210 /* Products */,
			);
			sourceTree = "<group>";
		};
		270C76AA17656FEE004C3210 /* Products */ = {
			isa = PBXGroup;
			children = (
				270C76A917656FEE004C3210 /* TestFunctionPoint */,
			);
			name = Products;
			sourceTree = "<group>";
		};
		270C76AB17656FEE004C3210 /* TestFunctionPoint */ = {
			isa = PBXGroup;
			children = (
				270C76AC17656FEE004C3210 /* main.c */,
				270C76AE17656FEE004C3210 /* TestFunctionPoint.1 */,
			);
			path = TestFunctionPoint;
			sourceTree = "<group>";
		};
/* End PBXGroup section */

/* Begin PBXNativeTarget section */
		270C76A817656FEE004C3210 /* TestFunctionPoint */ = {
			isa = PBXNativeTarget;
			buildConfigurationList = 270C76B217656FEE004C3210 /* Build configuration list for PBXNativeTarget "TestFunctionPoint" */;
			buildPhases = (
				270C76A517656FEE004C3210 /* Sources */,
				270C76A617656FEE004C3210 /* Frameworks */,
				270C76A717656FEE004C3210 /* CopyFiles */,
			);
			buildRules = (
			);
			dependencies = (
			);
			name = TestFunctionPoint;
			productName = TestFunctionPoint;
			productReference = 270C76A917656FEE004C3210 /* TestFunctionPoint */;
			productType = "com.apple.product-type.tool";
		};
/* End PBXNativeTarget section */

/* Begin PBXProject section */
		270C76A117656FEE004C3210 /* Project object */ = {
			isa = PBXProject;
			attributes = {
				LastUpgradeCheck = 0460;
				ORGANIZATIONNAME = Aplix;
			};
			buildConfigurationList = 270C76A417656FEE004C3210 /* Build configuration list for PBXProject "TestFunctionPoint" */;
			compatibilityVersion = "Xcode 3.2";
			developmentRegion = English;
			hasScannedForEncodings = 0;
			knownRegions = (
				en,
			);
			mainGroup = 270C76A017656FEE004C3210;
			productRefGroup = 270C76AA17656FEE004C3210 /* Products */;
			projectDirPath = "";
			projectRoot = "";
			targets = (
				270C76A817656FEE004C3210 /* TestFunctionPoint */,
			);
		};
/* End PBXProject section */

/* Begin PBXSourcesBuildPhase section */
		270C76A517656FEE004C3210 /* Sources */ = {
			isa = PBXSourcesBuildPhase;
			buildActionMask = 2147483647;
			files = (
				270C76AD17656FEE004C3210 /* main.c in Sources */,
			);
			runOnlyForDeploymentPostprocessing = 0;
		};
/* End PBXSourcesBuildPhase section */

/* Begin XCBuildConfiguration section */
		270C76B017656FEE004C3210 /* Debug */ = {
			isa = XCBuildConfiguration;
			buildSettings = {
				ALWAYS_SEARCH_USER_PATHS = NO;
				ARCHS = "$(ARCHS_STANDARD_64_BIT)";
				CLANG_CXX_LANGUAGE_STANDARD = "gnu++0x";
				CLANG_CXX_LIBRARY = "libc++";
				CLANG_WARN_CONSTANT_CONVERSION = YES;
				CLANG_WARN_EMPTY_BODY = YES;
				CLANG_WARN_ENUM_CONVERSION = YES;
				CLANG_WARN_INT_CONVERSION = YES;
				CLANG_WARN__DUPLICATE_METHOD_MATCH = YES;
				COPY_PHASE_STRIP = NO;
				GCC_C_LANGUAGE_STANDARD = gnu99;
				GCC_DYNAMIC_NO_PIC = NO;
				GCC_ENABLE_OBJC_EXCEPTIONS = YES;
				GCC_OPTIMIZATION_LEVEL = 0;
				GCC_PREPROCESSOR_DEFINITIONS = (
					"DEBUG=1",
					"$(inherited)",
				);
				GCC_SYMBOLS_PRIVATE_EXTERN = NO;
				GCC_WARN_64_TO_32_BIT_CONVERSION = YES;
				GCC_WARN_ABOUT_RETURN_TYPE = YES;
				GCC_WARN_UNINITIALIZED_AUTOS = YES;
				GCC_WARN_UNUSED_VARIABLE = YES;
				MACOSX_DEPLOYMENT_TARGET = 10.8;
				ONLY_ACTIVE_ARCH = YES;
				SDKROOT = macosx;
			};
			name = Debug;
		};
		270C76B117656FEE004C3210 /* Release */ = {
			isa = XCBuildConfiguration;
			buildSettings = {
				ALWAYS_SEARCH_USER_PATHS = NO;
				ARCHS = "$(ARCHS_STANDARD_64_BIT)";
				CLANG_CXX_LANGUAGE_STANDARD = "gnu++0x";
				CLANG_CXX_LIBRARY = "libc++";
				CLANG_WARN_CONSTANT_CONVERSION = YES;
				CLANG_WARN_EMPTY_BODY = YES;
				CLANG_WARN_ENUM_CONVERSION = YES;
				CLANG_WARN_INT_CONVERSION = YES;
				CLANG_WARN__DUPLICATE_METHOD_MATCH = YES;
				COPY_PHASE_STRIP = YES;
				DEBUG_INFORMATION_FORMAT = "dwarf-with-dsym";
				GCC_C_LANGUAGE_STANDARD = gnu99;
				GCC_ENABLE_OBJC_EXCEPTIONS = YES;
				GCC_WARN_64_TO_32_BIT_CONVERSION = YES;
				GCC_WARN_ABOUT_RETURN_TYPE = YES;
				GCC_WARN_UNINITIALIZED_AUTOS = YES;
				GCC_WARN_UNUSED_VARIABLE = YES;
				MACOSX_DEPLOYMENT_TARGET = 10.8;
				SDKROOT = macosx;
			};
			name = Release;
		};
		270C76B317656FEE004C3210 /* Debug */ = {
			isa = XCBuildConfiguration;
			buildSettings = {
				PRODUCT_NAME = "$(TARGET_NAME)";
			};
			name = Debug;
		};
		270C76B417656FEE004C3210 /* Release */ = {
			isa = XCBuildConfiguration;
			buildSettings = {
				PRODUCT_NAME = "$(TARGET_NAME)";
			};
			name = Release;
		};
/* End XCBuildConfiguration section */

/* Begin XCConfigurationList section */
		270C76A417656FEE004C3210 /* Build configuration list for PBXProject "TestFunctionPoint" */ = {
			isa = XCConfigurationList;
			buildConfigurations = (
				270C76B017656FEE004C3210 /* Debug */,
				270C76B117656FEE004C3210 /* Release */,
			);
			defaultConfigurationIsVisible = 0;
			defaultConfigurationName = Release;
		};
		270C76B217656FEE004C3210 /* Build configuration list for PBXNativeTarget "TestFunctionPoint" */ = {
			isa = XCConfigurationList;
			buildConfigurations = (
				270C76B317656FEE004C3210 /* Debug */,
				270C76B417656FEE004C3210 /* Release */,
			);
			defaultConfigurationIsVisible = 0;
		};
/* End XCConfigurationList section */
	};
	rootObject = 270C76A117656FEE004C3210 /* Project object */;
}
