// !$*UTF8*$!
{
	archiveVersion = 1;
	classes = {
	};
	objectVersion = 46;
	objects = {

/* Begin PBXBuildFile section */
		27212C1517695959000A00F8 /* main.c in Sources */ = {isa = PBXBuildFile; fileRef = 27212C1417695959000A00F8 /* main.c */; };
		27212C1717695959000A00F8 /* TestPointers.1 in CopyFiles */ = {isa = PBXBuildFile; fileRef = 27212C1617695959000A00F8 /* TestPointers.1 */; };
		AC205BC8176D8F6F00BAC029 /* MergeSort.c in Sources */ = {isa = PBXBuildFile; fileRef = AC205BC7176D8F6F00BAC029 /* MergeSort.c */; };
		AC205BCA176D901D00BAC029 /* LinkedList.c in Sources */ = {isa = PBXBuildFile; fileRef = AC205BC9176D901D00BAC029 /* LinkedList.c */; };
		AC205BCD176D90C300BAC029 /* TestMergeSort.c in Sources */ = {isa = PBXBuildFile; fileRef = AC205BCC176D90C300BAC029 /* TestMergeSort.c */; };
		AC205BCF176D90E500BAC029 /* TestLinkedList.c in Sources */ = {isa = PBXBuildFile; fileRef = AC205BCE176D90E500BAC029 /* TestLinkedList.c */; };
/* End PBXBuildFile section */

/* Begin PBXCopyFilesBuildPhase section */
		27212C0F17695959000A00F8 /* CopyFiles */ = {
			isa = PBXCopyFilesBuildPhase;
			buildActionMask = 2147483647;
			dstPath = /usr/share/man/man1/;
			dstSubfolderSpec = 0;
			files = (
				27212C1717695959000A00F8 /* TestPointers.1 in CopyFiles */,
			);
			runOnlyForDeploymentPostprocessing = 1;
		};
/* End PBXCopyFilesBuildPhase section */

/* Begin PBXFileReference section */
		27212C1117695959000A00F8 /* TestPointers */ = {isa = PBXFileReference; explicitFileType = "compiled.mach-o.executable"; includeInIndex = 0; path = TestPointers; sourceTree = BUILT_PRODUCTS_DIR; };
		27212C1417695959000A00F8 /* main.c */ = {isa = PBXFileReference; lastKnownFileType = sourcecode.c.c; path = main.c; sourceTree = "<group>"; };
		27212C1617695959000A00F8 /* TestPointers.1 */ = {isa = PBXFileReference; lastKnownFileType = text.man; path = TestPointers.1; sourceTree = "<group>"; };
		AC205BC6176D8F6100BAC029 /* MergeSort.h */ = {isa = PBXFileReference; fileEncoding = 4; lastKnownFileType = sourcecode.c.h; path = MergeSort.h; sourceTree = "<group>"; };
		AC205BC7176D8F6F00BAC029 /* MergeSort.c */ = {isa = PBXFileReference; fileEncoding = 4; lastKnownFileType = sourcecode.c.c; path = MergeSort.c; sourceTree = "<group>"; };
		AC205BC9176D901D00BAC029 /* LinkedList.c */ = {isa = PBXFileReference; fileEncoding = 4; lastKnownFileType = sourcecode.c.c; path = LinkedList.c; sourceTree = "<group>"; };
		AC205BCB176D902C00BAC029 /* LinkedList.h */ = {isa = PBXFileReference; lastKnownFileType = sourcecode.c.h; path = LinkedList.h; sourceTree = "<group>"; };
		AC205BCC176D90C300BAC029 /* TestMergeSort.c */ = {isa = PBXFileReference; fileEncoding = 4; lastKnownFileType = sourcecode.c.c; path = TestMergeSort.c; sourceTree = "<group>"; };
		AC205BCE176D90E500BAC029 /* TestLinkedList.c */ = {isa = PBXFileReference; fileEncoding = 4; lastKnownFileType = sourcecode.c.c; path = TestLinkedList.c; sourceTree = "<group>"; };
/* End PBXFileReference section */

/* Begin PBXFrameworksBuildPhase section */
		27212C0E17695959000A00F8 /* Frameworks */ = {
			isa = PBXFrameworksBuildPhase;
			buildActionMask = 2147483647;
			files = (
			);
			runOnlyForDeploymentPostprocessing = 0;
		};
/* End PBXFrameworksBuildPhase section */

/* Begin PBXGroup section */
		27212C0817695959000A00F8 = {
			isa = PBXGroup;
			children = (
				27212C1317695959000A00F8 /* TestPointers */,
				27212C1217695959000A00F8 /* Products */,
			);
			sourceTree = "<group>";
		};
		27212C1217695959000A00F8 /* Products */ = {
			isa = PBXGroup;
			children = (
				27212C1117695959000A00F8 /* TestPointers */,
			);
			name = Products;
			sourceTree = "<group>";
		};
		27212C1317695959000A00F8 /* TestPointers */ = {
			isa = PBXGroup;
			children = (
				27212C1417695959000A00F8 /* main.c */,
				27212C1617695959000A00F8 /* TestPointers.1 */,
				AC205BC6176D8F6100BAC029 /* MergeSort.h */,
				AC205BC7176D8F6F00BAC029 /* MergeSort.c */,
				AC205BC9176D901D00BAC029 /* LinkedList.c */,
				AC205BCB176D902C00BAC029 /* LinkedList.h */,
				AC205BCC176D90C300BAC029 /* TestMergeSort.c */,
				AC205BCE176D90E500BAC029 /* TestLinkedList.c */,
			);
			path = TestPointers;
			sourceTree = "<group>";
		};
/* End PBXGroup section */

/* Begin PBXNativeTarget section */
		27212C1017695959000A00F8 /* TestPointers */ = {
			isa = PBXNativeTarget;
			buildConfigurationList = 27212C1A17695959000A00F8 /* Build configuration list for PBXNativeTarget "TestPointers" */;
			buildPhases = (
				27212C0D17695959000A00F8 /* Sources */,
				27212C0E17695959000A00F8 /* Frameworks */,
				27212C0F17695959000A00F8 /* CopyFiles */,
			);
			buildRules = (
			);
			dependencies = (
			);
			name = TestPointers;
			productName = TestPointers;
			productReference = 27212C1117695959000A00F8 /* TestPointers */;
			productType = "com.apple.product-type.tool";
		};
/* End PBXNativeTarget section */

/* Begin PBXProject section */
		27212C0917695959000A00F8 /* Project object */ = {
			isa = PBXProject;
			attributes = {
				LastUpgradeCheck = 0460;
				ORGANIZATIONNAME = Aplix;
			};
			buildConfigurationList = 27212C0C17695959000A00F8 /* Build configuration list for PBXProject "TestPointers" */;
			compatibilityVersion = "Xcode 3.2";
			developmentRegion = English;
			hasScannedForEncodings = 0;
			knownRegions = (
				en,
			);
			mainGroup = 27212C0817695959000A00F8;
			productRefGroup = 27212C1217695959000A00F8 /* Products */;
			projectDirPath = "";
			projectRoot = "";
			targets = (
				27212C1017695959000A00F8 /* TestPointers */,
			);
		};
/* End PBXProject section */

/* Begin PBXSourcesBuildPhase section */
		27212C0D17695959000A00F8 /* Sources */ = {
			isa = PBXSourcesBuildPhase;
			buildActionMask = 2147483647;
			files = (
				27212C1517695959000A00F8 /* main.c in Sources */,
				AC205BC8176D8F6F00BAC029 /* MergeSort.c in Sources */,
				AC205BCA176D901D00BAC029 /* LinkedList.c in Sources */,
				AC205BCD176D90C300BAC029 /* TestMergeSort.c in Sources */,
				AC205BCF176D90E500BAC029 /* TestLinkedList.c in Sources */,
			);
			runOnlyForDeploymentPostprocessing = 0;
		};
/* End PBXSourcesBuildPhase section */

/* Begin XCBuildConfiguration section */
		27212C1817695959000A00F8 /* Debug */ = {
			isa = XCBuildConfiguration;
			buildSettings = {
				ALWAYS_SEARCH_USER_PATHS = NO;
				ARCHS = "$(ARCHS_STANDARD_64_BIT)";
				CLANG_CXX_LANGUAGE_STANDARD = "gnu++0x";
				CLANG_CXX_LIBRARY = "libc++";
				CLANG_WARN_CONSTANT_CONVERSION = YES;
				CLANG_WARN_EMPTY_BODY = YES;
				CLANG_WARN_ENUM_CONVERSION = YES;
				CLANG_WARN_INT_CONVERSION = YES;
				CLANG_WARN__DUPLICATE_METHOD_MATCH = YES;
				COPY_PHASE_STRIP = NO;
				GCC_C_LANGUAGE_STANDARD = gnu99;
				GCC_DYNAMIC_NO_PIC = NO;
				GCC_ENABLE_OBJC_EXCEPTIONS = YES;
				GCC_OPTIMIZATION_LEVEL = 0;
				GCC_PREPROCESSOR_DEFINITIONS = (
					"DEBUG=1",
					"$(inherited)",
				);
				GCC_SYMBOLS_PRIVATE_EXTERN = NO;
				GCC_WARN_64_TO_32_BIT_CONVERSION = YES;
				GCC_WARN_ABOUT_RETURN_TYPE = YES;
				GCC_WARN_UNINITIALIZED_AUTOS = YES;
				GCC_WARN_UNUSED_VARIABLE = YES;
				MACOSX_DEPLOYMENT_TARGET = 10.8;
				ONLY_ACTIVE_ARCH = YES;
				SDKROOT = macosx;
			};
			name = Debug;
		};
		27212C1917695959000A00F8 /* Release */ = {
			isa = XCBuildConfiguration;
			buildSettings = {
				ALWAYS_SEARCH_USER_PATHS = NO;
				ARCHS = "$(ARCHS_STANDARD_64_BIT)";
				CLANG_CXX_LANGUAGE_STANDARD = "gnu++0x";
				CLANG_CXX_LIBRARY = "libc++";
				CLANG_WARN_CONSTANT_CONVERSION = YES;
				CLANG_WARN_EMPTY_BODY = YES;
				CLANG_WARN_ENUM_CONVERSION = YES;
				CLANG_WARN_INT_CONVERSION = YES;
				CLANG_WARN__DUPLICATE_METHOD_MATCH = YES;
				COPY_PHASE_STRIP = YES;
				DEBUG_INFORMATION_FORMAT = "dwarf-with-dsym";
				GCC_C_LANGUAGE_STANDARD = gnu99;
				GCC_ENABLE_OBJC_EXCEPTIONS = YES;
				GCC_WARN_64_TO_32_BIT_CONVERSION = YES;
				GCC_WARN_ABOUT_RETURN_TYPE = YES;
				GCC_WARN_UNINITIALIZED_AUTOS = YES;
				GCC_WARN_UNUSED_VARIABLE = YES;
				MACOSX_DEPLOYMENT_TARGET = 10.8;
				SDKROOT = macosx;
			};
			name = Release;
		};
		27212C1B17695959000A00F8 /* Debug */ = {
			isa = XCBuildConfiguration;
			buildSettings = {
				PRODUCT_NAME = "$(TARGET_NAME)";
			};
			name = Debug;
		};
		27212C1C17695959000A00F8 /* Release */ = {
			isa = XCBuildConfiguration;
			buildSettings = {
				PRODUCT_NAME = "$(TARGET_NAME)";
			};
			name = Release;
		};
/* End XCBuildConfiguration section */

/* Begin XCConfigurationList section */
		27212C0C17695959000A00F8 /* Build configuration list for PBXProject "TestPointers" */ = {
			isa = XCConfigurationList;
			buildConfigurations = (
				27212C1817695959000A00F8 /* Debug */,
				27212C1917695959000A00F8 /* Release */,
			);
			defaultConfigurationIsVisible = 0;
			defaultConfigurationName = Release;
		};
		27212C1A17695959000A00F8 /* Build configuration list for PBXNativeTarget "TestPointers" */ = {
			isa = XCConfigurationList;
			buildConfigurations = (
				27212C1B17695959000A00F8 /* Debug */,
				27212C1C17695959000A00F8 /* Release */,
			);
			defaultConfigurationIsVisible = 0;
			defaultConfigurationName = Release;
		};
/* End XCConfigurationList section */
	};
	rootObject = 27212C0917695959000A00F8 /* Project object */;
}
